
Microsoft Visual Studio Solution File, Format Version 12.00
# Visual Studio Version 17
VisualStudioVersion = 17.2.32616.157
MinimumVisualStudioVersion = 10.0.40219.1
Project("{FAE04EC0-301F-11D3-BF4B-00C04F79EFBC}") = "LivlogNoDI", "LivlogNoDI.csproj", "{422C266C-D427-495F-BE3B-16DF45D4ABDB}"
EndProject
Project("{FAE04EC0-301F-11D3-BF4B-00C04F79EFBC}") = "LivlogNoDITests", "..\LivlogNoDITests\LivlogNoDITests.csproj", "{6784E3F0-4627-45B3-9796-FCDA48CB79BD}"
EndProject
Global
	GlobalSection(SolutionConfigurationPlatforms) = preSolution
		Debug|Any CPU = Debug|Any CPU
		Release|Any CPU = Release|Any CPU
	EndGlobalSection
	GlobalSection(ProjectConfigurationPlatforms) = postSolution
		{422C266C-D427-495F-BE3B-16DF45D4ABDB}.Debug|Any CPU.ActiveCfg = Debug|Any CPU
		{422C266C-D427-495F-BE3B-16DF45D4ABDB}.Debug|Any CPU.Build.0 = Debug|Any CPU
		{422C266C-D427-495F-BE3B-16DF45D4ABDB}.Release|Any CPU.ActiveCfg = Release|Any CPU
		{422C266C-D427-495F-BE3B-16DF45D4ABDB}.Release|Any CPU.Build.0 = Release|Any CPU
		{6784E3F0-4627-45B3-9796-FCDA48CB79BD}.Debug|Any CPU.ActiveCfg = Debug|Any CPU
		{6784E3F0-4627-45B3-9796-FCDA48CB79BD}.Debug|Any CPU.Build.0 = Debug|Any CPU
		{6784E3F0-4627-45B3-9796-FCDA48CB79BD}.Release|Any CPU.ActiveCfg = Release|Any CPU
		{6784E3F0-4627-45B3-9796-FCDA48CB79BD}.Release|Any CPU.Build.0 = Release|Any CPU
	EndGlobalSection
	GlobalSection(SolutionProperties) = preSolution
		HideSolutionNode = FALSE
	EndGlobalSection
	GlobalSection(ExtensibilityGlobals) = postSolution
		SolutionGuid = {36DCE477-B5DE-4393-A576-45651111763E}
	EndGlobalSection
EndGlobal
